
Microsoft Visual Studio Solution File, Format Version 12.00
# Visual Studio 2013
VisualStudioVersion = 12.0.21005.1
MinimumVisualStudioVersion = 10.0.40219.1
Project("{FAE04EC0-301F-11D3-BF4B-00C04F79EFBC}") = "ImportLightAd", "ImportLightAd\ImportLightAd.csproj", "{D8959586-27BC-4089-9274-27F120F8F1A5}"
EndProject
Project("{2150E333-8FDC-42A3-9474-1A3956D46DE8}") = "Dependence", "Dependence", "{5BA4A03E-C493-49B3-880C-D6A6CF6A039E}"
	ProjectSection(SolutionItems) = preProject
		Dependence\ICSharpCode.SharpZipLib.dll = Dependence\ICSharpCode.SharpZipLib.dll
		Dependence\log4net.dll = Dependence\log4net.dll
		Dependence\System.Data.SQLite.DLL = Dependence\System.Data.SQLite.DLL
	EndProjectSection
EndProject
Global
	GlobalSection(SolutionConfigurationPlatforms) = preSolution
		Debug|Any CPU = Debug|Any CPU
		Release|Any CPU = Release|Any CPU
	EndGlobalSection
	GlobalSection(ProjectConfigurationPlatforms) = postSolution
		{D8959586-27BC-4089-9274-27F120F8F1A5}.Debug|Any CPU.ActiveCfg = Debug|Any CPU
		{D8959586-27BC-4089-9274-27F120F8F1A5}.Debug|Any CPU.Build.0 = Debug|Any CPU
		{D8959586-27BC-4089-9274-27F120F8F1A5}.Release|Any CPU.ActiveCfg = Release|Any CPU
		{D8959586-27BC-4089-9274-27F120F8F1A5}.Release|Any CPU.Build.0 = Release|Any CPU
	EndGlobalSection
	GlobalSection(SolutionProperties) = preSolution
		HideSolutionNode = FALSE
	EndGlobalSection
EndGlobal
